
Microsoft Visual Studio Solution File, Format Version 12.00
# Visual Studio 2013
VisualStudioVersion = 12.0.21005.1
MinimumVisualStudioVersion = 10.0.40219.1
Project("{FAE04EC0-301F-11D3-BF4B-00C04F79EFBC}") = "Algorithms", "Algorithms\Algorithms.csproj", "{558B350F-F22C-49D3-BFC6-D967045A6B12}"
EndProject
Project("{FAE04EC0-301F-11D3-BF4B-00C04F79EFBC}") = "AlgorithmsTests", "AlgorithmsTests\AlgorithmsTests.csproj", "{F7C6255C-003E-4AE4-9650-A7C53225ED0B}"
EndProject
Global
	GlobalSection(SolutionConfigurationPlatforms) = preSolution
		Debug|Any CPU = Debug|Any CPU
		Release|Any CPU = Release|Any CPU
	EndGlobalSection
	GlobalSection(ProjectConfigurationPlatforms) = postSolution
		{558B350F-F22C-49D3-BFC6-D967045A6B12}.Debug|Any CPU.ActiveCfg = Debug|Any CPU
		{558B350F-F22C-49D3-BFC6-D967045A6B12}.Debug|Any CPU.Build.0 = Debug|Any CPU
		{558B350F-F22C-49D3-BFC6-D967045A6B12}.Release|Any CPU.ActiveCfg = Release|Any CPU
		{558B350F-F22C-49D3-BFC6-D967045A6B12}.Release|Any CPU.Build.0 = Release|Any CPU
		{F7C6255C-003E-4AE4-9650-A7C53225ED0B}.Debug|Any CPU.ActiveCfg = Debug|Any CPU
		{F7C6255C-003E-4AE4-9650-A7C53225ED0B}.Debug|Any CPU.Build.0 = Debug|Any CPU
		{F7C6255C-003E-4AE4-9650-A7C53225ED0B}.Release|Any CPU.ActiveCfg = Release|Any CPU
		{F7C6255C-003E-4AE4-9650-A7C53225ED0B}.Release|Any CPU.Build.0 = Release|Any CPU
	EndGlobalSection
	GlobalSection(SolutionProperties) = preSolution
		HideSolutionNode = FALSE
	EndGlobalSection
EndGlobal
